
Microsoft Visual Studio Solution File, Format Version 12.00
# Visual Studio Version 17
VisualStudioVersion = 17.13.35919.96
MinimumVisualStudioVersion = 10.0.40219.1
Project("{FAE04EC0-301F-11D3-BF4B-00C04F79EFBC}") = "FribergsABData", "FribergsABData\FribergsABData.csproj", "{A9DEAA21-7FE8-4217-BB20-D8FAA3DA2FEB}"
EndProject
Project("{FAE04EC0-301F-11D3-BF4B-00C04F79EFBC}") = "FribergsCarRentalsAB", "..\FribergsCarRentalsAB 2.0\FribergsCarRentalsAB\FribergsCarRentalsAB.csproj", "{04FC4586-BA18-48FD-1FDB-70264F094379}"
EndProject
Global
	GlobalSection(SolutionConfigurationPlatforms) = preSolution
		Debug|Any CPU = Debug|Any CPU
		Release|Any CPU = Release|Any CPU
	EndGlobalSection
	GlobalSection(ProjectConfigurationPlatforms) = postSolution
		{A9DEAA21-7FE8-4217-BB20-D8FAA3DA2FEB}.Debug|Any CPU.ActiveCfg = Debug|Any CPU
		{A9DEAA21-7FE8-4217-BB20-D8FAA3DA2FEB}.Debug|Any CPU.Build.0 = Debug|Any CPU
		{A9DEAA21-7FE8-4217-BB20-D8FAA3DA2FEB}.Release|Any CPU.ActiveCfg = Release|Any CPU
		{A9DEAA21-7FE8-4217-BB20-D8FAA3DA2FEB}.Release|Any CPU.Build.0 = Release|Any CPU
		{04FC4586-BA18-48FD-1FDB-70264F094379}.Debug|Any CPU.ActiveCfg = Debug|Any CPU
		{04FC4586-BA18-48FD-1FDB-70264F094379}.Debug|Any CPU.Build.0 = Debug|Any CPU
		{04FC4586-BA18-48FD-1FDB-70264F094379}.Release|Any CPU.ActiveCfg = Release|Any CPU
		{04FC4586-BA18-48FD-1FDB-70264F094379}.Release|Any CPU.Build.0 = Release|Any CPU
	EndGlobalSection
	GlobalSection(SolutionProperties) = preSolution
		HideSolutionNode = FALSE
	EndGlobalSection
	GlobalSection(ExtensibilityGlobals) = postSolution
		SolutionGuid = {E31C8084-9106-4BF9-BC2E-FF1FA5D3D51C}
	EndGlobalSection
EndGlobal
